
Microsoft Visual Studio Solution File, Format Version 12.00
# Visual Studio Version 17
VisualStudioVersion = 17.2.32630.192
MinimumVisualStudioVersion = 10.0.40219.1
Project("{FAE04EC0-301F-11D3-BF4B-00C04F79EFBC}") = "ExaminationSystem", "ExaminationSystem\ExaminationSystem.csproj", "{A6734C3C-0BE5-40C0-9C03-1EB2DE4E54DB}"
EndProject
Global
	GlobalSection(SolutionConfigurationPlatforms) = preSolution
		Debug|Any CPU = Debug|Any CPU
		Release|Any CPU = Release|Any CPU
	EndGlobalSection
	GlobalSection(ProjectConfigurationPlatforms) = postSolution
		{A6734C3C-0BE5-40C0-9C03-1EB2DE4E54DB}.Debug|Any CPU.ActiveCfg = Debug|Any CPU
		{A6734C3C-0BE5-40C0-9C03-1EB2DE4E54DB}.Debug|Any CPU.Build.0 = Debug|Any CPU
		{A6734C3C-0BE5-40C0-9C03-1EB2DE4E54DB}.Release|Any CPU.ActiveCfg = Release|Any CPU
		{A6734C3C-0BE5-40C0-9C03-1EB2DE4E54DB}.Release|Any CPU.Build.0 = Release|Any CPU
	EndGlobalSection
	GlobalSection(SolutionProperties) = preSolution
		HideSolutionNode = FALSE
	EndGlobalSection
	GlobalSection(ExtensibilityGlobals) = postSolution
		SolutionGuid = {C0C9D93F-A3BE-4087-A920-BB948B4F02DD}
	EndGlobalSection
EndGlobal
